
Microsoft Visual Studio Solution File, Format Version 12.00
# Visual Studio Version 16
VisualStudioVersion = 16.0.29519.181
MinimumVisualStudioVersion = 10.0.40219.1
Project("{FAE04EC0-301F-11D3-BF4B-00C04F79EFBC}") = "MySuperBank", "MySuperBank\MySuperBank.csproj", "{9AB2EE38-DFB9-4DC8-A7CA-48F6FB012874}"
EndProject
Global
	GlobalSection(SolutionConfigurationPlatforms) = preSolution
		Debug|Any CPU = Debug|Any CPU
		Release|Any CPU = Release|Any CPU
	EndGlobalSection
	GlobalSection(ProjectConfigurationPlatforms) = postSolution
		{9AB2EE38-DFB9-4DC8-A7CA-48F6FB012874}.Debug|Any CPU.ActiveCfg = Debug|Any CPU
		{9AB2EE38-DFB9-4DC8-A7CA-48F6FB012874}.Debug|Any CPU.Build.0 = Debug|Any CPU
		{9AB2EE38-DFB9-4DC8-A7CA-48F6FB012874}.Release|Any CPU.ActiveCfg = Release|Any CPU
		{9AB2EE38-DFB9-4DC8-A7CA-48F6FB012874}.Release|Any CPU.Build.0 = Release|Any CPU
	EndGlobalSection
	GlobalSection(SolutionProperties) = preSolution
		HideSolutionNode = FALSE
	EndGlobalSection
	GlobalSection(ExtensibilityGlobals) = postSolution
		SolutionGuid = {457BC04D-7EAA-47A1-B971-2A1C109E74FF}
	EndGlobalSection
EndGlobal
